
Microsoft Visual Studio Solution File, Format Version 12.00
# Visual Studio Version 17
VisualStudioVersion = 17.8.34330.188
MinimumVisualStudioVersion = 10.0.40219.1
Project("{888888A0-9F3D-457C-B088-3A5042F75D52}") = "Course-project 1", "Course-project 1.pyproj", "{F73BA128-75BC-40CB-852B-D1BDC7418EA3}"
EndProject
Global
	GlobalSection(SolutionConfigurationPlatforms) = preSolution
		Debug|Any CPU = Debug|Any CPU
		Release|Any CPU = Release|Any CPU
	EndGlobalSection
	GlobalSection(ProjectConfigurationPlatforms) = postSolution
		{F73BA128-75BC-40CB-852B-D1BDC7418EA3}.Debug|Any CPU.ActiveCfg = Debug|Any CPU
		{F73BA128-75BC-40CB-852B-D1BDC7418EA3}.Release|Any CPU.ActiveCfg = Release|Any CPU
	EndGlobalSection
	GlobalSection(SolutionProperties) = preSolution
		HideSolutionNode = FALSE
	EndGlobalSection
	GlobalSection(ExtensibilityGlobals) = postSolution
		SolutionGuid = {9B772218-7DE0-4CBE-A69F-0353C752D199}
	EndGlobalSection
EndGlobal
